{
  "requires": true,
  "lockfileVersion": 1,
  "dependencies": {
    "intersection-observer": {
      "version": "0.10.0",
      "resolved": "https://registry.npmjs.org/intersection-observer/-/intersection-observer-0.10.0.tgz",
      "integrity": "sha512-fn4bQ0Xq8FTej09YC/jqKZwtijpvARlRp6wxL5WTA6yPe2YWSJ5RJh7Nm79rK2qB0wr6iDQzH60XGq5V/7u8YQ=="
    },
    "scrollama": {
      "version": "2.2.1",
      "resolved": "https://registry.npmjs.org/scrollama/-/scrollama-2.2.1.tgz",
      "integrity": "sha512-Wq880ZLa3G6YSDbV7Bg5thEggo20+UM9qFu9P9ZAZlPmTt/rhIroUNmsZYvO8C5Y0kLp4nwK8S2Zha+bbOFiYg=="
    }
  }
}
